
Microsoft Visual Studio Solution File, Format Version 12.00
# Visual Studio Version 17
VisualStudioVersion = 17.10.35013.160
MinimumVisualStudioVersion = 10.0.40219.1
Project("{9A19103F-16F7-4668-BE54-9A1E7A4F7556}") = "Chronos.Api", "Chronos.Api\Chronos.Api.csproj", "{487DE8A5-3DEB-4135-820A-FF4EDEE0E6F5}"
EndProject
Project("{9A19103F-16F7-4668-BE54-9A1E7A4F7556}") = "Chronos.Application", "Chronos.Application\Chronos.Application.csproj", "{1DB13048-1A79-47C6-B95F-B4F714DE8EE4}"
EndProject
Project("{9A19103F-16F7-4668-BE54-9A1E7A4F7556}") = "Chronos.Domain", "Chronos.Domain\Chronos.Domain.csproj", "{522034F8-4D93-43BE-B4E2-16E775D21454}"
EndProject
Project("{9A19103F-16F7-4668-BE54-9A1E7A4F7556}") = "Chronos.Infraestructure", "Chronos.Infraestructure\Chronos.Infraestructure.csproj", "{22F44B6D-89ED-49AF-A7B8-41E8C9143FFC}"
EndProject
Project("{9A19103F-16F7-4668-BE54-9A1E7A4F7556}") = "Chronos.Test", "Chronos.Test\Chronos.Test.csproj", "{D2EE223B-7F4C-4F23-B674-56A7B92F2726}"
EndProject
Project("{9A19103F-16F7-4668-BE54-9A1E7A4F7556}") = "Chronos.CrossCutting", "Chronos.CrossCutting\Chronos.CrossCutting.csproj", "{B25B7222-5379-4BC9-A4D4-D742D2EC307A}"
EndProject
Project("{9A19103F-16F7-4668-BE54-9A1E7A4F7556}") = "Chronos.CrossCutting.Security", "Chronos.CrossCutting.Security\Chronos.CrossCutting.Security.csproj", "{F400496A-1767-44DF-9D07-F69D61ADAE4E}"
EndProject
Global
	GlobalSection(SolutionConfigurationPlatforms) = preSolution
		Debug|Any CPU = Debug|Any CPU
		Release|Any CPU = Release|Any CPU
	EndGlobalSection
	GlobalSection(ProjectConfigurationPlatforms) = postSolution
		{487DE8A5-3DEB-4135-820A-FF4EDEE0E6F5}.Debug|Any CPU.ActiveCfg = Debug|Any CPU
		{487DE8A5-3DEB-4135-820A-FF4EDEE0E6F5}.Debug|Any CPU.Build.0 = Debug|Any CPU
		{487DE8A5-3DEB-4135-820A-FF4EDEE0E6F5}.Release|Any CPU.ActiveCfg = Release|Any CPU
		{487DE8A5-3DEB-4135-820A-FF4EDEE0E6F5}.Release|Any CPU.Build.0 = Release|Any CPU
		{1DB13048-1A79-47C6-B95F-B4F714DE8EE4}.Debug|Any CPU.ActiveCfg = Debug|Any CPU
		{1DB13048-1A79-47C6-B95F-B4F714DE8EE4}.Debug|Any CPU.Build.0 = Debug|Any CPU
		{1DB13048-1A79-47C6-B95F-B4F714DE8EE4}.Release|Any CPU.ActiveCfg = Release|Any CPU
		{1DB13048-1A79-47C6-B95F-B4F714DE8EE4}.Release|Any CPU.Build.0 = Release|Any CPU
		{522034F8-4D93-43BE-B4E2-16E775D21454}.Debug|Any CPU.ActiveCfg = Debug|Any CPU
		{522034F8-4D93-43BE-B4E2-16E775D21454}.Debug|Any CPU.Build.0 = Debug|Any CPU
		{522034F8-4D93-43BE-B4E2-16E775D21454}.Release|Any CPU.ActiveCfg = Release|Any CPU
		{522034F8-4D93-43BE-B4E2-16E775D21454}.Release|Any CPU.Build.0 = Release|Any CPU
		{22F44B6D-89ED-49AF-A7B8-41E8C9143FFC}.Debug|Any CPU.ActiveCfg = Debug|Any CPU
		{22F44B6D-89ED-49AF-A7B8-41E8C9143FFC}.Debug|Any CPU.Build.0 = Debug|Any CPU
		{22F44B6D-89ED-49AF-A7B8-41E8C9143FFC}.Release|Any CPU.ActiveCfg = Release|Any CPU
		{22F44B6D-89ED-49AF-A7B8-41E8C9143FFC}.Release|Any CPU.Build.0 = Release|Any CPU
		{D2EE223B-7F4C-4F23-B674-56A7B92F2726}.Debug|Any CPU.ActiveCfg = Debug|Any CPU
		{D2EE223B-7F4C-4F23-B674-56A7B92F2726}.Debug|Any CPU.Build.0 = Debug|Any CPU
		{D2EE223B-7F4C-4F23-B674-56A7B92F2726}.Release|Any CPU.ActiveCfg = Release|Any CPU
		{D2EE223B-7F4C-4F23-B674-56A7B92F2726}.Release|Any CPU.Build.0 = Release|Any CPU
		{B25B7222-5379-4BC9-A4D4-D742D2EC307A}.Debug|Any CPU.ActiveCfg = Debug|Any CPU
		{B25B7222-5379-4BC9-A4D4-D742D2EC307A}.Debug|Any CPU.Build.0 = Debug|Any CPU
		{B25B7222-5379-4BC9-A4D4-D742D2EC307A}.Release|Any CPU.ActiveCfg = Release|Any CPU
		{B25B7222-5379-4BC9-A4D4-D742D2EC307A}.Release|Any CPU.Build.0 = Release|Any CPU
		{F400496A-1767-44DF-9D07-F69D61ADAE4E}.Debug|Any CPU.ActiveCfg = Debug|Any CPU
		{F400496A-1767-44DF-9D07-F69D61ADAE4E}.Debug|Any CPU.Build.0 = Debug|Any CPU
		{F400496A-1767-44DF-9D07-F69D61ADAE4E}.Release|Any CPU.ActiveCfg = Release|Any CPU
		{F400496A-1767-44DF-9D07-F69D61ADAE4E}.Release|Any CPU.Build.0 = Release|Any CPU
	EndGlobalSection
	GlobalSection(SolutionProperties) = preSolution
		HideSolutionNode = FALSE
	EndGlobalSection
	GlobalSection(ExtensibilityGlobals) = postSolution
		SolutionGuid = {8C46F61D-F91C-4E7A-BE75-A6DC6CBC6C6E}
	EndGlobalSection
EndGlobal
